
Microsoft Visual Studio Solution File, Format Version 11.00
# Visual Studio 2010
Project("{FAE04EC0-301F-11D3-BF4B-00C04F79EFBC}") = "Uween.Runtime", "Uween.Runtime.csproj", "{7d1c5bf2-07b0-bd0e-8088-3097bf1d20e1}"
EndProject
Project("{FAE04EC0-301F-11D3-BF4B-00C04F79EFBC}") = "Assembly-CSharp", "Assembly-CSharp.csproj", "{8baf72ba-c247-28ca-3fbb-6b1b58ddc60e}"
EndProject
Project("{FAE04EC0-301F-11D3-BF4B-00C04F79EFBC}") = "RoadArchitect", "RoadArchitect.csproj", "{77b7d868-f98f-6b4f-1cc1-e3075fa130ad}"
EndProject
Project("{FAE04EC0-301F-11D3-BF4B-00C04F79EFBC}") = "Assembly-CSharp-Editor", "Assembly-CSharp-Editor.csproj", "{afc0086f-ef07-9200-dad2-3bd41920af6b}"
EndProject
Global
	GlobalSection(SolutionConfigurationPlatforms) = preSolution
		Debug|Any CPU = Debug|Any CPU
	EndGlobalSection
	GlobalSection(ProjectConfigurationPlatforms) = postSolution
		{7d1c5bf2-07b0-bd0e-8088-3097bf1d20e1}.Debug|Any CPU.ActiveCfg = Debug|Any CPU
		{7d1c5bf2-07b0-bd0e-8088-3097bf1d20e1}.Debug|Any CPU.Build.0 = Debug|Any CPU
		{8baf72ba-c247-28ca-3fbb-6b1b58ddc60e}.Debug|Any CPU.ActiveCfg = Debug|Any CPU
		{8baf72ba-c247-28ca-3fbb-6b1b58ddc60e}.Debug|Any CPU.Build.0 = Debug|Any CPU
		{77b7d868-f98f-6b4f-1cc1-e3075fa130ad}.Debug|Any CPU.ActiveCfg = Debug|Any CPU
		{77b7d868-f98f-6b4f-1cc1-e3075fa130ad}.Debug|Any CPU.Build.0 = Debug|Any CPU
		{afc0086f-ef07-9200-dad2-3bd41920af6b}.Debug|Any CPU.ActiveCfg = Debug|Any CPU
		{afc0086f-ef07-9200-dad2-3bd41920af6b}.Debug|Any CPU.Build.0 = Debug|Any CPU
	EndGlobalSection
	GlobalSection(SolutionProperties) = preSolution
		HideSolutionNode = FALSE
	EndGlobalSection
EndGlobal
